
Microsoft Visual Studio Solution File, Format Version 12.00
# Visual Studio 15
VisualStudioVersion = 15.0.28307.1433
MinimumVisualStudioVersion = 10.0.40219.1
Project("{8BC9CEB8-8B4A-11D0-8D11-00A0C91BC942}") = "SimpleObjectCpp", "SimpleObjectCpp\SimpleObjectCpp.vcxproj", "{C7343DCE-C973-4B5D-94F4-342F741338A9}"
EndProject
Project("{8BC9CEB8-8B4A-11D0-8D11-00A0C91BC942}") = "StoragePrep", "StoragePrep\StoragePrep.vcxproj", "{888A547E-F635-4AA3-B516-BEE45255A015}"
EndProject
Global
	GlobalSection(SolutionConfigurationPlatforms) = preSolution
		Debug|x64 = Debug|x64
		Debug|x86 = Debug|x86
		Release|x64 = Release|x64
		Release|x86 = Release|x86
	EndGlobalSection
	GlobalSection(ProjectConfigurationPlatforms) = postSolution
		{C7343DCE-C973-4B5D-94F4-342F741338A9}.Debug|x64.ActiveCfg = Debug|x64
		{C7343DCE-C973-4B5D-94F4-342F741338A9}.Debug|x64.Build.0 = Debug|x64
		{C7343DCE-C973-4B5D-94F4-342F741338A9}.Debug|x86.ActiveCfg = Debug|Win32
		{C7343DCE-C973-4B5D-94F4-342F741338A9}.Debug|x86.Build.0 = Debug|Win32
		{C7343DCE-C973-4B5D-94F4-342F741338A9}.Release|x64.ActiveCfg = Release|x64
		{C7343DCE-C973-4B5D-94F4-342F741338A9}.Release|x64.Build.0 = Release|x64
		{C7343DCE-C973-4B5D-94F4-342F741338A9}.Release|x86.ActiveCfg = Release|Win32
		{C7343DCE-C973-4B5D-94F4-342F741338A9}.Release|x86.Build.0 = Release|Win32
		{888A547E-F635-4AA3-B516-BEE45255A015}.Debug|x64.ActiveCfg = Debug|x64
		{888A547E-F635-4AA3-B516-BEE45255A015}.Debug|x64.Build.0 = Debug|x64
		{888A547E-F635-4AA3-B516-BEE45255A015}.Debug|x86.ActiveCfg = Debug|Win32
		{888A547E-F635-4AA3-B516-BEE45255A015}.Debug|x86.Build.0 = Debug|Win32
		{888A547E-F635-4AA3-B516-BEE45255A015}.Release|x64.ActiveCfg = Release|x64
		{888A547E-F635-4AA3-B516-BEE45255A015}.Release|x64.Build.0 = Release|x64
		{888A547E-F635-4AA3-B516-BEE45255A015}.Release|x86.ActiveCfg = Release|Win32
		{888A547E-F635-4AA3-B516-BEE45255A015}.Release|x86.Build.0 = Release|Win32
	EndGlobalSection
	GlobalSection(SolutionProperties) = preSolution
		HideSolutionNode = FALSE
	EndGlobalSection
	GlobalSection(ExtensibilityGlobals) = postSolution
		SolutionGuid = {4063E341-B5A0-4690-AB81-AC74EA0B8737}
	EndGlobalSection
EndGlobal
